
Microsoft Visual Studio Solution File, Format Version 12.00
# Visual Studio Version 17
VisualStudioVersion = 17.8.34316.72
MinimumVisualStudioVersion = 10.0.40219.1
Project("{8BC9CEB8-8B4A-11D0-8D11-00A0C91BC942}") = "Visualizer", "Visualizer\Visualizer.vcxproj", "{73D3DB9A-C4E5-42D2-AEBA-3D4849E8B80A}"
EndProject
Project("{8BC9CEB8-8B4A-11D0-8D11-00A0C91BC942}") = "Geometry", "Geometry\Geometry.vcxproj", "{CB742DE2-9861-49CA-AC51-48DD06BC44D0}"
EndProject
Project("{8BC9CEB8-8B4A-11D0-8D11-00A0C91BC942}") = "Solar_System", "Solar_System\Solar_System.vcxproj", "{02E80F95-14C7-481B-9611-B0696016DB04}"
EndProject
Project("{8BC9CEB8-8B4A-11D0-8D11-00A0C91BC942}") = "Bezier", "Bezier\Bezier.vcxproj", "{644E55D6-AC16-43F2-8163-2DB2819ED730}"
EndProject
Project("{8BC9CEB8-8B4A-11D0-8D11-00A0C91BC942}") = "BSpline", "BSpline\BSpline.vcxproj", "{7EF3C6AD-0D42-4605-8618-B98FA6A5681C}"
EndProject
Project("{8BC9CEB8-8B4A-11D0-8D11-00A0C91BC942}") = "Hermite", "Hermite\Hermite.vcxproj", "{A9AA50BF-E129-4AEB-8DA2-CD1E34D1CD7D}"
EndProject
Global
	GlobalSection(SolutionConfigurationPlatforms) = preSolution
		Debug|x64 = Debug|x64
		Debug|x86 = Debug|x86
		Release|x64 = Release|x64
		Release|x86 = Release|x86
	EndGlobalSection
	GlobalSection(ProjectConfigurationPlatforms) = postSolution
		{73D3DB9A-C4E5-42D2-AEBA-3D4849E8B80A}.Debug|x64.ActiveCfg = Debug|x64
		{73D3DB9A-C4E5-42D2-AEBA-3D4849E8B80A}.Debug|x64.Build.0 = Debug|x64
		{73D3DB9A-C4E5-42D2-AEBA-3D4849E8B80A}.Debug|x86.ActiveCfg = Debug|x64
		{73D3DB9A-C4E5-42D2-AEBA-3D4849E8B80A}.Debug|x86.Build.0 = Debug|x64
		{73D3DB9A-C4E5-42D2-AEBA-3D4849E8B80A}.Release|x64.ActiveCfg = Release|x64
		{73D3DB9A-C4E5-42D2-AEBA-3D4849E8B80A}.Release|x64.Build.0 = Release|x64
		{73D3DB9A-C4E5-42D2-AEBA-3D4849E8B80A}.Release|x86.ActiveCfg = Release|x64
		{73D3DB9A-C4E5-42D2-AEBA-3D4849E8B80A}.Release|x86.Build.0 = Release|x64
		{CB742DE2-9861-49CA-AC51-48DD06BC44D0}.Debug|x64.ActiveCfg = Debug|x64
		{CB742DE2-9861-49CA-AC51-48DD06BC44D0}.Debug|x64.Build.0 = Debug|x64
		{CB742DE2-9861-49CA-AC51-48DD06BC44D0}.Debug|x86.ActiveCfg = Debug|Win32
		{CB742DE2-9861-49CA-AC51-48DD06BC44D0}.Debug|x86.Build.0 = Debug|Win32
		{CB742DE2-9861-49CA-AC51-48DD06BC44D0}.Release|x64.ActiveCfg = Release|x64
		{CB742DE2-9861-49CA-AC51-48DD06BC44D0}.Release|x64.Build.0 = Release|x64
		{CB742DE2-9861-49CA-AC51-48DD06BC44D0}.Release|x86.ActiveCfg = Release|Win32
		{CB742DE2-9861-49CA-AC51-48DD06BC44D0}.Release|x86.Build.0 = Release|Win32
		{02E80F95-14C7-481B-9611-B0696016DB04}.Debug|x64.ActiveCfg = Debug|x64
		{02E80F95-14C7-481B-9611-B0696016DB04}.Debug|x64.Build.0 = Debug|x64
		{02E80F95-14C7-481B-9611-B0696016DB04}.Debug|x86.ActiveCfg = Debug|Win32
		{02E80F95-14C7-481B-9611-B0696016DB04}.Debug|x86.Build.0 = Debug|Win32
		{02E80F95-14C7-481B-9611-B0696016DB04}.Release|x64.ActiveCfg = Release|x64
		{02E80F95-14C7-481B-9611-B0696016DB04}.Release|x64.Build.0 = Release|x64
		{02E80F95-14C7-481B-9611-B0696016DB04}.Release|x86.ActiveCfg = Release|Win32
		{02E80F95-14C7-481B-9611-B0696016DB04}.Release|x86.Build.0 = Release|Win32
		{644E55D6-AC16-43F2-8163-2DB2819ED730}.Debug|x64.ActiveCfg = Debug|x64
		{644E55D6-AC16-43F2-8163-2DB2819ED730}.Debug|x64.Build.0 = Debug|x64
		{644E55D6-AC16-43F2-8163-2DB2819ED730}.Debug|x86.ActiveCfg = Debug|Win32
		{644E55D6-AC16-43F2-8163-2DB2819ED730}.Debug|x86.Build.0 = Debug|Win32
		{644E55D6-AC16-43F2-8163-2DB2819ED730}.Release|x64.ActiveCfg = Release|x64
		{644E55D6-AC16-43F2-8163-2DB2819ED730}.Release|x64.Build.0 = Release|x64
		{644E55D6-AC16-43F2-8163-2DB2819ED730}.Release|x86.ActiveCfg = Release|Win32
		{644E55D6-AC16-43F2-8163-2DB2819ED730}.Release|x86.Build.0 = Release|Win32
		{7EF3C6AD-0D42-4605-8618-B98FA6A5681C}.Debug|x64.ActiveCfg = Debug|x64
		{7EF3C6AD-0D42-4605-8618-B98FA6A5681C}.Debug|x64.Build.0 = Debug|x64
		{7EF3C6AD-0D42-4605-8618-B98FA6A5681C}.Debug|x86.ActiveCfg = Debug|Win32
		{7EF3C6AD-0D42-4605-8618-B98FA6A5681C}.Debug|x86.Build.0 = Debug|Win32
		{7EF3C6AD-0D42-4605-8618-B98FA6A5681C}.Release|x64.ActiveCfg = Release|x64
		{7EF3C6AD-0D42-4605-8618-B98FA6A5681C}.Release|x64.Build.0 = Release|x64
		{7EF3C6AD-0D42-4605-8618-B98FA6A5681C}.Release|x86.ActiveCfg = Release|Win32
		{7EF3C6AD-0D42-4605-8618-B98FA6A5681C}.Release|x86.Build.0 = Release|Win32
		{A9AA50BF-E129-4AEB-8DA2-CD1E34D1CD7D}.Debug|x64.ActiveCfg = Debug|x64
		{A9AA50BF-E129-4AEB-8DA2-CD1E34D1CD7D}.Debug|x64.Build.0 = Debug|x64
		{A9AA50BF-E129-4AEB-8DA2-CD1E34D1CD7D}.Debug|x86.ActiveCfg = Debug|Win32
		{A9AA50BF-E129-4AEB-8DA2-CD1E34D1CD7D}.Debug|x86.Build.0 = Debug|Win32
		{A9AA50BF-E129-4AEB-8DA2-CD1E34D1CD7D}.Release|x64.ActiveCfg = Release|x64
		{A9AA50BF-E129-4AEB-8DA2-CD1E34D1CD7D}.Release|x64.Build.0 = Release|x64
		{A9AA50BF-E129-4AEB-8DA2-CD1E34D1CD7D}.Release|x86.ActiveCfg = Release|Win32
		{A9AA50BF-E129-4AEB-8DA2-CD1E34D1CD7D}.Release|x86.Build.0 = Release|Win32
	EndGlobalSection
	GlobalSection(SolutionProperties) = preSolution
		HideSolutionNode = FALSE
	EndGlobalSection
	GlobalSection(ExtensibilityGlobals) = postSolution
		SolutionGuid = {AD99B47A-DB29-4E87-94C8-76DC293880D1}
	EndGlobalSection
EndGlobal
